<Solution>
  <Project Path="Utility.csproj" />
  <Project Path="Player.csproj" />
  <Project Path="Assembly-CSharp-Editor.csproj" />
  <Project Path="DesignPatterns.csproj" />
  <Project Path="InputTry.csproj" />
  <Project Path="InventorySystem.csproj" />
  <Project Path="Audio.csproj" />
  <Project Path="Obstacles.csproj" />
  <Project Path="inventory.csproj" />
  <Project Path="Enemy.csproj" />
  <Project Path="NewAssembly.csproj" />
  <Project Path="Puzzles.csproj" />
  <Project Path="LightSystem.csproj" />
  <Project Path="GameManager.csproj" />
  <Project Path="CraftingSystem.csproj" />
  <Project Path="InputSystem.csproj" />
  <Project Path="Cosimo.Utility.csproj" />
</Solution>
